// !$*UTF8*$!
{
	archiveVersion = 1;
	classes = {
	};
	objectVersion = 77;
	objects = {

/* Begin PBXContainerItemProxy section */
		BCF509E12F81FC1E0006D6F9 /* PBXContainerItemProxy */ = {
			isa = PBXContainerItemProxy;
			containerPortal = BCF509C72F81FC1D0006D6F9 /* Project object */;
			proxyType = 1;
			remoteGlobalIDString = BCF509CE2F81FC1D0006D6F9;
			remoteInfo = "WO Tracker";
		};
		BCF509EB2F81FC1E0006D6F9 /* PBXContainerItemProxy */ = {
			isa = PBXContainerItemProxy;
			containerPortal = BCF509C72F81FC1D0006D6F9 /* Project object */;
			proxyType = 1;
			remoteGlobalIDString = BCF509CE2F81FC1D0006D6F9;
			remoteInfo = "WO Tracker";
		};
/* End PBXContainerItemProxy section */

/* Begin PBXFileReference section */
		BCF509CF2F81FC1D0006D6F9 /* WO Tracker.app */ = {isa = PBXFileReference; explicitFileType = wrapper.application; includeInIndex = 0; path = "WO Tracker.app"; sourceTree = BUILT_PRODUCTS_DIR; };
		BCF509E02F81FC1E0006D6F9 /* WO TrackerTests.xctest */ = {isa = PBXFileReference; explicitFileType = wrapper.cfbundle; includeInIndex = 0; path = "WO TrackerTests.xctest"; sourceTree = BUILT_PRODUCTS_DIR; };
		BCF509EA2F81FC1E0006D6F9 /* WO TrackerUITests.xctest */ = {isa = PBXFileReference; explicitFileType = wrapper.cfbundle; includeInIndex = 0; path = "WO TrackerUITests.xctest"; sourceTree = BUILT_PRODUCTS_DIR; };
/* End PBXFileReference section */

/* Begin PBXFileSystemSynchronizedBuildFileExceptionSet section */
		BCF509F22F81FC1E0006D6F9 /* Exceptions for "WO Tracker" folder in "WO Tracker" target */ = {
			isa = PBXFileSystemSynchronizedBuildFileExceptionSet;
			membershipExceptions = (
				Info.plist,
			);
			target = BCF509CE2F81FC1D0006D6F9 /* WO Tracker */;
		};
/* End PBXFileSystemSynchronizedBuildFileExceptionSet section */

/* Begin PBXFileSystemSynchronizedRootGroup section */
		BCF509D12F81FC1D0006D6F9 /* WO Tracker */ = {
			isa = PBXFileSystemSynchronizedRootGroup;
			exceptions = (
				BCF509F22F81FC1E0006D6F9 /* Exceptions for "WO Tracker" folder in "WO Tracker" target */,
			);
			path = "WO Tracker";
			sourceTree = "<group>";
		};
		BCF509E32F81FC1E0006D6F9 /* WO TrackerTests */ = {
			isa = PBXFileSystemSynchronizedRootGroup;
			path = "WO TrackerTests";
			sourceTree = "<group>";
		};
		BCF509ED2F81FC1E0006D6F9 /* WO TrackerUITests */ = {
			isa = PBXFileSystemSynchronizedRootGroup;
			path = "WO TrackerUITests";
			sourceTree = "<group>";
		};
/* End PBXFileSystemSynchronizedRootGroup section */

/* Begin PBXFrameworksBuildPhase section */
		BCF509CC2F81FC1D0006D6F9 /* Frameworks */ = {
			isa = PBXFrameworksBuildPhase;
			buildActionMask = 2147483647;
			files = (
			);
			runOnlyForDeploymentPostprocessing = 0;
		};
		BCF509DD2F81FC1E0006D6F9 /* Frameworks */ = {
			isa = PBXFrameworksBuildPhase;
			buildActionMask = 2147483647;
			files = (
			);
			runOnlyForDeploymentPostprocessing = 0;
		};
		BCF509E72F81FC1E0006D6F9 /* Frameworks */ = {
			isa = PBXFrameworksBuildPhase;
			buildActionMask = 2147483647;
			files = (
			);
			runOnlyForDeploymentPostprocessing = 0;
		};
/* End PBXFrameworksBuildPhase section */

/* Begin PBXGroup section */
		BCF509C62F81FC1D0006D6F9 = {
			isa = PBXGroup;
			children = (
				BCF509D12F81FC1D0006D6F9 /* WO Tracker */,
				BCF509E32F81FC1E0006D6F9 /* WO TrackerTests */,
				BCF509ED2F81FC1E0006D6F9 /* WO TrackerUITests */,
				BCF509D02F81FC1D0006D6F9 /* Products */,
			);
			sourceTree = "<group>";
		};
		BCF509D02F81FC1D0006D6F9 /* Products */ = {
			isa = PBXGroup;
			children = (
				BCF509CF2F81FC1D0006D6F9 /* WO Tracker.app */,
				BCF509E02F81FC1E0006D6F9 /* WO TrackerTests.xctest */,
				BCF509EA2F81FC1E0006D6F9 /* WO TrackerUITests.xctest */,
			);
			name = Products;
			sourceTree = "<group>";
		};
/* End PBXGroup section */

/* Begin PBXNativeTarget section */
		BCF509CE2F81FC1D0006D6F9 /* WO Tracker */ = {
			isa = PBXNativeTarget;
			buildConfigurationList = BCF509F32F81FC1E0006D6F9 /* Build configuration list for PBXNativeTarget "WO Tracker" */;
			buildPhases = (
				BCF509CB2F81FC1D0006D6F9 /* Sources */,
				BCF509CC2F81FC1D0006D6F9 /* Frameworks */,
				BCF509CD2F81FC1D0006D6F9 /* Resources */,
			);
			buildRules = (
			);
			dependencies = (
			);
			fileSystemSynchronizedGroups = (
				BCF509D12F81FC1D0006D6F9 /* WO Tracker */,
			);
			name = "WO Tracker";
			packageProductDependencies = (
			);
			productName = "WO Tracker";
			productReference = BCF509CF2F81FC1D0006D6F9 /* WO Tracker.app */;
			productType = "com.apple.product-type.application";
		};
		BCF509DF2F81FC1E0006D6F9 /* WO TrackerTests */ = {
			isa = PBXNativeTarget;
			buildConfigurationList = BCF509F82F81FC1E0006D6F9 /* Build configuration list for PBXNativeTarget "WO TrackerTests" */;
			buildPhases = (
				BCF509DC2F81FC1E0006D6F9 /* Sources */,
				BCF509DD2F81FC1E0006D6F9 /* Frameworks */,
				BCF509DE2F81FC1E0006D6F9 /* Resources */,
			);
			buildRules = (
			);
			dependencies = (
				BCF509E22F81FC1E0006D6F9 /* PBXTargetDependency */,
			);
			fileSystemSynchronizedGroups = (
				BCF509E32F81FC1E0006D6F9 /* WO TrackerTests */,
			);
			name = "WO TrackerTests";
			packageProductDependencies = (
			);
			productName = "WO TrackerTests";
			productReference = BCF509E02F81FC1E0006D6F9 /* WO TrackerTests.xctest */;
			productType = "com.apple.product-type.bundle.unit-test";
		};
		BCF509E92F81FC1E0006D6F9 /* WO TrackerUITests */ = {
			isa = PBXNativeTarget;
			buildConfigurationList = BCF509FB2F81FC1E0006D6F9 /* Build configuration list for PBXNativeTarget "WO TrackerUITests" */;
			buildPhases = (
				BCF509E62F81FC1E0006D6F9 /* Sources */,
				BCF509E72F81FC1E0006D6F9 /* Frameworks */,
				BCF509E82F81FC1E0006D6F9 /* Resources */,
			);
			buildRules = (
			);
			dependencies = (
				BCF509EC2F81FC1E0006D6F9 /* PBXTargetDependency */,
			);
			fileSystemSynchronizedGroups = (
				BCF509ED2F81FC1E0006D6F9 /* WO TrackerUITests */,
			);
			name = "WO TrackerUITests";
			packageProductDependencies = (
			);
			productName = "WO TrackerUITests";
			productReference = BCF509EA2F81FC1E0006D6F9 /* WO TrackerUITests.xctest */;
			productType = "com.apple.product-type.bundle.ui-testing";
		};
/* End PBXNativeTarget section */

/* Begin PBXProject section */
		BCF509C72F81FC1D0006D6F9 /* Project object */ = {
			isa = PBXProject;
			attributes = {
				BuildIndependentTargetsInParallel = 1;
				LastSwiftUpdateCheck = 2640;
				LastUpgradeCheck = 2640;
				TargetAttributes = {
					BCF509CE2F81FC1D0006D6F9 = {
						CreatedOnToolsVersion = 26.4;
					};
					BCF509DF2F81FC1E0006D6F9 = {
						CreatedOnToolsVersion = 26.4;
						TestTargetID = BCF509CE2F81FC1D0006D6F9;
					};
					BCF509E92F81FC1E0006D6F9 = {
						CreatedOnToolsVersion = 26.4;
						TestTargetID = BCF509CE2F81FC1D0006D6F9;
					};
				};
			};
			buildConfigurationList = BCF509CA2F81FC1D0006D6F9 /* Build configuration list for PBXProject "WO Tracker" */;
			developmentRegion = en;
			hasScannedForEncodings = 0;
			knownRegions = (
				en,
				Base,
			);
			mainGroup = BCF509C62F81FC1D0006D6F9;
			minimizedProjectReferenceProxies = 1;
			preferredProjectObjectVersion = 77;
			productRefGroup = BCF509D02F81FC1D0006D6F9 /* Products */;
			projectDirPath = "";
			projectRoot = "";
			targets = (
				BCF509CE2F81FC1D0006D6F9 /* WO Tracker */,
				BCF509DF2F81FC1E0006D6F9 /* WO TrackerTests */,
				BCF509E92F81FC1E0006D6F9 /* WO TrackerUITests */,
			);
		};
/* End PBXProject section */

/* Begin PBXResourcesBuildPhase section */
		BCF509CD2F81FC1D0006D6F9 /* Resources */ = {
			isa = PBXResourcesBuildPhase;
			buildActionMask = 2147483647;
			files = (
			);
			runOnlyForDeploymentPostprocessing = 0;
		};
		BCF509DE2F81FC1E0006D6F9 /* Resources */ = {
			isa = PBXResourcesBuildPhase;
			buildActionMask = 2147483647;
			files = (
			);
			runOnlyForDeploymentPostprocessing = 0;
		};
		BCF509E82F81FC1E0006D6F9 /* Resources */ = {
			isa = PBXResourcesBuildPhase;
			buildActionMask = 2147483647;
			files = (
			);
			runOnlyForDeploymentPostprocessing = 0;
		};
/* End PBXResourcesBuildPhase section */

/* Begin PBXSourcesBuildPhase section */
		BCF509CB2F81FC1D0006D6F9 /* Sources */ = {
			isa = PBXSourcesBuildPhase;
			buildActionMask = 2147483647;
			files = (
			);
			runOnlyForDeploymentPostprocessing = 0;
		};
		BCF509DC2F81FC1E0006D6F9 /* Sources */ = {
			isa = PBXSourcesBuildPhase;
			buildActionMask = 2147483647;
			files = (
			);
			runOnlyForDeploymentPostprocessing = 0;
		};
		BCF509E62F81FC1E0006D6F9 /* Sources */ = {
			isa = PBXSourcesBuildPhase;
			buildActionMask = 2147483647;
			files = (
			);
			runOnlyForDeploymentPostprocessing = 0;
		};
/* End PBXSourcesBuildPhase section */

/* Begin PBXTargetDependency section */
		BCF509E22F81FC1E0006D6F9 /* PBXTargetDependency */ = {
			isa = PBXTargetDependency;
			target = BCF509CE2F81FC1D0006D6F9 /* WO Tracker */;
			targetProxy = BCF509E12F81FC1E0006D6F9 /* PBXContainerItemProxy */;
		};
		BCF509EC2F81FC1E0006D6F9 /* PBXTargetDependency */ = {
			isa = PBXTargetDependency;
			target = BCF509CE2F81FC1D0006D6F9 /* WO Tracker */;
			targetProxy = BCF509EB2F81FC1E0006D6F9 /* PBXContainerItemProxy */;
		};
/* End PBXTargetDependency section */

/* Begin XCBuildConfiguration section */
		BCF509F42F81FC1E0006D6F9 /* Debug */ = {
			isa = XCBuildConfiguration;
			buildSettings = {
				ASSETCATALOG_COMPILER_APPICON_NAME = AppIcon;
				ASSETCATALOG_COMPILER_GLOBAL_ACCENT_COLOR_NAME = AccentColor;
				CODE_SIGN_ENTITLEMENTS = "WO Tracker/WO_Tracker.entitlements";
				CODE_SIGN_STYLE = Automatic;
				CURRENT_PROJECT_VERSION = 1;
				DEVELOPMENT_TEAM = WH7XKRC8QZ;
				ENABLE_PREVIEWS = YES;
				GENERATE_INFOPLIST_FILE = YES;
				INFOPLIST_FILE = "WO Tracker/Info.plist";
				INFOPLIST_KEY_UIApplicationSceneManifest_Generation = YES;
				INFOPLIST_KEY_UIApplicationSupportsIndirectInputEvents = YES;
				INFOPLIST_KEY_UILaunchScreen_Generation = YES;
				INFOPLIST_KEY_UISupportedInterfaceOrientations_iPad = "UIInterfaceOrientationPortrait UIInterfaceOrientationPortraitUpsideDown UIInterfaceOrientationLandscapeLeft UIInterfaceOrientationLandscapeRight";
				INFOPLIST_KEY_UISupportedInterfaceOrientations_iPhone = "UIInterfaceOrientationPortrait UIInterfaceOrientationLandscapeLeft UIInterfaceOrientationLandscapeRight";
				LD_RUNPATH_SEARCH_PATHS = (
					"$(inherited)",
					"@executable_path/Frameworks",
				);
				MARKETING_VERSION = 1.0;
				PRODUCT_BUNDLE_IDENTIFIER = "com.scottcampbell.WO-Tracker";
				PRODUCT_NAME = "$(TARGET_NAME)";
				STRING_CATALOG_GENERATE_SYMBOLS = YES;
				SWIFT_APPROACHABLE_CONCURRENCY = YES;
				SWIFT_DEFAULT_ACTOR_ISOLATION = MainActor;
				SWIFT_EMIT_LOC_STRINGS = YES;
				SWIFT_UPCOMING_FEATURE_MEMBER_IMPORT_VISIBILITY = YES;
				SWIFT_VERSION = 5.0;
				TARGETED_DEVICE_FAMILY = "1,2";
			};
			name = Debug;
		};
		BCF509F52F81FC1E0006D6F9 /* Release */ = {
			isa = XCBuildConfiguration;
			buildSettings = {
				ASSETCATALOG_COMPILER_APPICON_NAME = AppIcon;
				ASSETCATALOG_COMPILER_GLOBAL_ACCENT_COLOR_NAME = AccentColor;
				CODE_SIGN_ENTITLEMENTS = "WO Tracker/WO_Tracker.entitlements";
				CODE_SIGN_STYLE = Automatic;
				CURRENT_PROJECT_VERSION = 1;
				DEVELOPMENT_TEAM = WH7XKRC8QZ;
				ENABLE_PREVIEWS = YES;
				GENERATE_INFOPLIST_FILE = YES;
				INFOPLIST_FILE = "WO Tracker/Info.plist";
				INFOPLIST_KEY_UIApplicationSceneManifest_Generation = YES;
				INFOPLIST_KEY_UIApplicationSupportsIndirectInputEvents = YES;
				INFOPLIST_KEY_UILaunchScreen_Generation = YES;
				INFOPLIST_KEY_UISupportedInterfaceOrientations_iPad = "UIInterfaceOrientationPortrait UIInterfaceOrientationPortraitUpsideDown UIInterfaceOrientationLandscapeLeft UIInterfaceOrientationLandscapeRight";
				INFOPLIST_KEY_UISupportedInterfaceOrientations_iPhone = "UIInterfaceOrientationPortrait UIInterfaceOrientationLandscapeLeft UIInterfaceOrientationLandscapeRight";
				LD_RUNPATH_SEARCH_PATHS = (
					"$(inherited)",
					"@executable_path/Frameworks",
				);
				MARKETING_VERSION = 1.0;
				PRODUCT_BUNDLE_IDENTIFIER = "com.scottcampbell.WO-Tracker";
				PRODUCT_NAME = "$(TARGET_NAME)";
				STRING_CATALOG_GENERATE_SYMBOLS = YES;
				SWIFT_APPROACHABLE_CONCURRENCY = YES;
				SWIFT_DEFAULT_ACTOR_ISOLATION = MainActor;
				SWIFT_EMIT_LOC_STRINGS = YES;
				SWIFT_UPCOMING_FEATURE_MEMBER_IMPORT_VISIBILITY = YES;
				SWIFT_VERSION = 5.0;
				TARGETED_DEVICE_FAMILY = "1,2";
			};
			name = Release;
		};
		BCF509F62F81FC1E0006D6F9 /* Debug */ = {
			isa = XCBuildConfiguration;
			buildSettings = {
				ALWAYS_SEARCH_USER_PATHS = NO;
				ASSETCATALOG_COMPILER_GENERATE_SWIFT_ASSET_SYMBOL_EXTENSIONS = YES;
				CLANG_ANALYZER_NONNULL = YES;
				CLANG_ANALYZER_NUMBER_OBJECT_CONVERSION = YES_AGGRESSIVE;
				CLANG_CXX_LANGUAGE_STANDARD = "gnu++20";
				CLANG_ENABLE_MODULES = YES;
				CLANG_ENABLE_OBJC_ARC = YES;
				CLANG_ENABLE_OBJC_WEAK = YES;
				CLANG_WARN_BLOCK_CAPTURE_AUTORELEASING = YES;
				CLANG_WARN_BOOL_CONVERSION = YES;
				CLANG_WARN_COMMA = YES;
				CLANG_WARN_CONSTANT_CONVERSION = YES;
				CLANG_WARN_DEPRECATED_OBJC_IMPLEMENTATIONS = YES;
				CLANG_WARN_DIRECT_OBJC_ISA_USAGE = YES_ERROR;
				CLANG_WARN_DOCUMENTATION_COMMENTS = YES;
				CLANG_WARN_EMPTY_BODY = YES;
				CLANG_WARN_ENUM_CONVERSION = YES;
				CLANG_WARN_INFINITE_RECURSION = YES;
				CLANG_WARN_INT_CONVERSION = YES;
				CLANG_WARN_NON_LITERAL_NULL_CONVERSION = YES;
				CLANG_WARN_OBJC_IMPLICIT_RETAIN_SELF = YES;
				CLANG_WARN_OBJC_LITERAL_CONVERSION = YES;
				CLANG_WARN_OBJC_ROOT_CLASS = YES_ERROR;
				CLANG_WARN_QUOTED_INCLUDE_IN_FRAMEWORK_HEADER = YES;
				CLANG_WARN_RANGE_LOOP_ANALYSIS = YES;
				CLANG_WARN_STRICT_PROTOTYPES = YES;
				CLANG_WARN_SUSPICIOUS_MOVE = YES;
				CLANG_WARN_UNGUARDED_AVAILABILITY = YES_AGGRESSIVE;
				CLANG_WARN_UNREACHABLE_CODE = YES;
				CLANG_WARN__DUPLICATE_METHOD_MATCH = YES;
				COPY_PHASE_STRIP = NO;
				DEBUG_INFORMATION_FORMAT = dwarf;
				DEVELOPMENT_TEAM = WH7XKRC8QZ;
				ENABLE_STRICT_OBJC_MSGSEND = YES;
				ENABLE_TESTABILITY = YES;
				ENABLE_USER_SCRIPT_SANDBOXING = YES;
				GCC_C_LANGUAGE_STANDARD = gnu17;
				GCC_DYNAMIC_NO_PIC = NO;
				GCC_NO_COMMON_BLOCKS = YES;
				GCC_OPTIMIZATION_LEVEL = 0;
				GCC_PREPROCESSOR_DEFINITIONS = (
					"DEBUG=1",
					"$(inherited)",
				);
				GCC_WARN_64_TO_32_BIT_CONVERSION = YES;
				GCC_WARN_ABOUT_RETURN_TYPE = YES_ERROR;
				GCC_WARN_UNDECLARED_SELECTOR = YES;
				GCC_WARN_UNINITIALIZED_AUTOS = YES_AGGRESSIVE;
				GCC_WARN_UNUSED_FUNCTION = YES;
				GCC_WARN_UNUSED_VARIABLE = YES;
				IPHONEOS_DEPLOYMENT_TARGET = 26.4;
				LOCALIZATION_PREFERS_STRING_CATALOGS = YES;
				MTL_ENABLE_DEBUG_INFO = INCLUDE_SOURCE;
				MTL_FAST_MATH = YES;
				ONLY_ACTIVE_ARCH = YES;
				SDKROOT = iphoneos;
				SWIFT_ACTIVE_COMPILATION_CONDITIONS = "DEBUG $(inherited)";
				SWIFT_OPTIMIZATION_LEVEL = "-Onone";
			};
			name = Debug;
		};
		BCF509F72F81FC1E0006D6F9 /* Release */ = {
			isa = XCBuildConfiguration;
			buildSettings = {
				ALWAYS_SEARCH_USER_PATHS = NO;
				ASSETCATALOG_COMPILER_GENERATE_SWIFT_ASSET_SYMBOL_EXTENSIONS = YES;
				CLANG_ANALYZER_NONNULL = YES;
				CLANG_ANALYZER_NUMBER_OBJECT_CONVERSION = YES_AGGRESSIVE;
				CLANG_CXX_LANGUAGE_STANDARD = "gnu++20";
				CLANG_ENABLE_MODULES = YES;
				CLANG_ENABLE_OBJC_ARC = YES;
				CLANG_ENABLE_OBJC_WEAK = YES;
				CLANG_WARN_BLOCK_CAPTURE_AUTORELEASING = YES;
				CLANG_WARN_BOOL_CONVERSION = YES;
				CLANG_WARN_COMMA = YES;
				CLANG_WARN_CONSTANT_CONVERSION = YES;
				CLANG_WARN_DEPRECATED_OBJC_IMPLEMENTATIONS = YES;
				CLANG_WARN_DIRECT_OBJC_ISA_USAGE = YES_ERROR;
				CLANG_WARN_DOCUMENTATION_COMMENTS = YES;
				CLANG_WARN_EMPTY_BODY = YES;
				CLANG_WARN_ENUM_CONVERSION = YES;
				CLANG_WARN_INFINITE_RECURSION = YES;
				CLANG_WARN_INT_CONVERSION = YES;
				CLANG_WARN_NON_LITERAL_NULL_CONVERSION = YES;
				CLANG_WARN_OBJC_IMPLICIT_RETAIN_SELF = YES;
				CLANG_WARN_OBJC_LITERAL_CONVERSION = YES;
				CLANG_WARN_OBJC_ROOT_CLASS = YES_ERROR;
				CLANG_WARN_QUOTED_INCLUDE_IN_FRAMEWORK_HEADER = YES;
				CLANG_WARN_RANGE_LOOP_ANALYSIS = YES;
				CLANG_WARN_STRICT_PROTOTYPES = YES;
				CLANG_WARN_SUSPICIOUS_MOVE = YES;
				CLANG_WARN_UNGUARDED_AVAILABILITY = YES_AGGRESSIVE;
				CLANG_WARN_UNREACHABLE_CODE = YES;
				CLANG_WARN__DUPLICATE_METHOD_MATCH = YES;
				COPY_PHASE_STRIP = NO;
				DEBUG_INFORMATION_FORMAT = "dwarf-with-dsym";
				DEVELOPMENT_TEAM = WH7XKRC8QZ;
				ENABLE_NS_ASSERTIONS = NO;
				ENABLE_STRICT_OBJC_MSGSEND = YES;
				ENABLE_USER_SCRIPT_SANDBOXING = YES;
				GCC_C_LANGUAGE_STANDARD = gnu17;
				GCC_NO_COMMON_BLOCKS = YES;
				GCC_WARN_64_TO_32_BIT_CONVERSION = YES;
				GCC_WARN_ABOUT_RETURN_TYPE = YES_ERROR;
				GCC_WARN_UNDECLARED_SELECTOR = YES;
				GCC_WARN_UNINITIALIZED_AUTOS = YES_AGGRESSIVE;
				GCC_WARN_UNUSED_FUNCTION = YES;
				GCC_WARN_UNUSED_VARIABLE = YES;
				IPHONEOS_DEPLOYMENT_TARGET = 26.4;
				LOCALIZATION_PREFERS_STRING_CATALOGS = YES;
				MTL_ENABLE_DEBUG_INFO = NO;
				MTL_FAST_MATH = YES;
				SDKROOT = iphoneos;
				SWIFT_COMPILATION_MODE = wholemodule;
				VALIDATE_PRODUCT = YES;
			};
			name = Release;
		};
		BCF509F92F81FC1E0006D6F9 /* Debug */ = {
			isa = XCBuildConfiguration;
			buildSettings = {
				BUNDLE_LOADER = "$(TEST_HOST)";
				CODE_SIGN_STYLE = Automatic;
				CURRENT_PROJECT_VERSION = 1;
				DEVELOPMENT_TEAM = WH7XKRC8QZ;
				GENERATE_INFOPLIST_FILE = YES;
				IPHONEOS_DEPLOYMENT_TARGET = 26.4;
				MARKETING_VERSION = 1.0;
				PRODUCT_BUNDLE_IDENTIFIER = "com.scottcampbell.WO-TrackerTests";
				PRODUCT_NAME = "$(TARGET_NAME)";
				STRING_CATALOG_GENERATE_SYMBOLS = NO;
				SWIFT_APPROACHABLE_CONCURRENCY = YES;
				SWIFT_EMIT_LOC_STRINGS = NO;
				SWIFT_UPCOMING_FEATURE_MEMBER_IMPORT_VISIBILITY = YES;
				SWIFT_VERSION = 5.0;
				TARGETED_DEVICE_FAMILY = "1,2";
				TEST_HOST = "$(BUILT_PRODUCTS_DIR)/WO Tracker.app/$(BUNDLE_EXECUTABLE_FOLDER_PATH)/WO Tracker";
			};
			name = Debug;
		};
		BCF509FA2F81FC1E0006D6F9 /* Release */ = {
			isa = XCBuildConfiguration;
			buildSettings = {
				BUNDLE_LOADER = "$(TEST_HOST)";
				CODE_SIGN_STYLE = Automatic;
				CURRENT_PROJECT_VERSION = 1;
				DEVELOPMENT_TEAM = WH7XKRC8QZ;
				GENERATE_INFOPLIST_FILE = YES;
				IPHONEOS_DEPLOYMENT_TARGET = 26.4;
				MARKETING_VERSION = 1.0;
				PRODUCT_BUNDLE_IDENTIFIER = "com.scottcampbell.WO-TrackerTests";
				PRODUCT_NAME = "$(TARGET_NAME)";
				STRING_CATALOG_GENERATE_SYMBOLS = NO;
				SWIFT_APPROACHABLE_CONCURRENCY = YES;
				SWIFT_EMIT_LOC_STRINGS = NO;
				SWIFT_UPCOMING_FEATURE_MEMBER_IMPORT_VISIBILITY = YES;
				SWIFT_VERSION = 5.0;
				TARGETED_DEVICE_FAMILY = "1,2";
				TEST_HOST = "$(BUILT_PRODUCTS_DIR)/WO Tracker.app/$(BUNDLE_EXECUTABLE_FOLDER_PATH)/WO Tracker";
			};
			name = Release;
		};
		BCF509FC2F81FC1E0006D6F9 /* Debug */ = {
			isa = XCBuildConfiguration;
			buildSettings = {
				CODE_SIGN_STYLE = Automatic;
				CURRENT_PROJECT_VERSION = 1;
				DEVELOPMENT_TEAM = WH7XKRC8QZ;
				GENERATE_INFOPLIST_FILE = YES;
				MARKETING_VERSION = 1.0;
				PRODUCT_BUNDLE_IDENTIFIER = "com.scottcampbell.WO-TrackerUITests";
				PRODUCT_NAME = "$(TARGET_NAME)";
				STRING_CATALOG_GENERATE_SYMBOLS = NO;
				SWIFT_APPROACHABLE_CONCURRENCY = YES;
				SWIFT_EMIT_LOC_STRINGS = NO;
				SWIFT_UPCOMING_FEATURE_MEMBER_IMPORT_VISIBILITY = YES;
				SWIFT_VERSION = 5.0;
				TARGETED_DEVICE_FAMILY = "1,2";
				TEST_TARGET_NAME = "WO Tracker";
			};
			name = Debug;
		};
		BCF509FD2F81FC1E0006D6F9 /* Release */ = {
			isa = XCBuildConfiguration;
			buildSettings = {
				CODE_SIGN_STYLE = Automatic;
				CURRENT_PROJECT_VERSION = 1;
				DEVELOPMENT_TEAM = WH7XKRC8QZ;
				GENERATE_INFOPLIST_FILE = YES;
				MARKETING_VERSION = 1.0;
				PRODUCT_BUNDLE_IDENTIFIER = "com.scottcampbell.WO-TrackerUITests";
				PRODUCT_NAME = "$(TARGET_NAME)";
				STRING_CATALOG_GENERATE_SYMBOLS = NO;
				SWIFT_APPROACHABLE_CONCURRENCY = YES;
				SWIFT_EMIT_LOC_STRINGS = NO;
				SWIFT_UPCOMING_FEATURE_MEMBER_IMPORT_VISIBILITY = YES;
				SWIFT_VERSION = 5.0;
				TARGETED_DEVICE_FAMILY = "1,2";
				TEST_TARGET_NAME = "WO Tracker";
			};
			name = Release;
		};
/* End XCBuildConfiguration section */

/* Begin XCConfigurationList section */
		BCF509CA2F81FC1D0006D6F9 /* Build configuration list for PBXProject "WO Tracker" */ = {
			isa = XCConfigurationList;
			buildConfigurations = (
				BCF509F62F81FC1E0006D6F9 /* Debug */,
				BCF509F72F81FC1E0006D6F9 /* Release */,
			);
			defaultConfigurationIsVisible = 0;
			defaultConfigurationName = Release;
		};
		BCF509F32F81FC1E0006D6F9 /* Build configuration list for PBXNativeTarget "WO Tracker" */ = {
			isa = XCConfigurationList;
			buildConfigurations = (
				BCF509F42F81FC1E0006D6F9 /* Debug */,
				BCF509F52F81FC1E0006D6F9 /* Release */,
			);
			defaultConfigurationIsVisible = 0;
			defaultConfigurationName = Release;
		};
		BCF509F82F81FC1E0006D6F9 /* Build configuration list for PBXNativeTarget "WO TrackerTests" */ = {
			isa = XCConfigurationList;
			buildConfigurations = (
				BCF509F92F81FC1E0006D6F9 /* Debug */,
				BCF509FA2F81FC1E0006D6F9 /* Release */,
			);
			defaultConfigurationIsVisible = 0;
			defaultConfigurationName = Release;
		};
		BCF509FB2F81FC1E0006D6F9 /* Build configuration list for PBXNativeTarget "WO TrackerUITests" */ = {
			isa = XCConfigurationList;
			buildConfigurations = (
				BCF509FC2F81FC1E0006D6F9 /* Debug */,
				BCF509FD2F81FC1E0006D6F9 /* Release */,
			);
			defaultConfigurationIsVisible = 0;
			defaultConfigurationName = Release;
		};
/* End XCConfigurationList section */
	};
	rootObject = BCF509C72F81FC1D0006D6F9 /* Project object */;
}
